
Microsoft Visual Studio Solution File, Format Version 12.00
# Visual Studio Version 17
VisualStudioVersion = 17.1.32414.318
MinimumVisualStudioVersion = 10.0.40219.1
Project("{FAE04EC0-301F-11D3-BF4B-00C04F79EFBC}") = "Reverse-String", "ReverseString\Reverse-String.csproj", "{D5B2BD11-EB16-4145-B524-8B8084386EBA}"
EndProject
Project("{FAE04EC0-301F-11D3-BF4B-00C04F79EFBC}") = "CountSubstringOccurrences", "CountSubstringOccurrences\CountSubstringOccurrences.csproj", "{8CE9B8BE-E801-4450-9A54-0D5E97003D26}"
EndProject
Project("{FAE04EC0-301F-11D3-BF4B-00C04F79EFBC}") = "TextFilter", "TextFilter\TextFilter.csproj", "{8028CA68-46E4-4EE2-8289-0B62ABDEC81F}"
EndProject
Project("{FAE04EC0-301F-11D3-BF4B-00C04F79EFBC}") = "Palindromes", "Palindromes\Palindromes.csproj", "{0858665C-D4AD-483F-8307-E57B1FB26A4F}"
EndProject
Project("{FAE04EC0-301F-11D3-BF4B-00C04F79EFBC}") = "MatchFullName", "MatchFullName\MatchFullName.csproj", "{F5DC94E4-FD2F-48E2-A5DA-CACE935267CD}"
EndProject
Project("{FAE04EC0-301F-11D3-BF4B-00C04F79EFBC}") = "MatchPhoneNumber", "MatchPhoneNumber\MatchPhoneNumber.csproj", "{2D30346A-37A7-4D11-A2FE-FDE6A851664C}"
EndProject
Global
	GlobalSection(SolutionConfigurationPlatforms) = preSolution
		Debug|Any CPU = Debug|Any CPU
		Release|Any CPU = Release|Any CPU
	EndGlobalSection
	GlobalSection(ProjectConfigurationPlatforms) = postSolution
		{D5B2BD11-EB16-4145-B524-8B8084386EBA}.Debug|Any CPU.ActiveCfg = Debug|Any CPU
		{D5B2BD11-EB16-4145-B524-8B8084386EBA}.Debug|Any CPU.Build.0 = Debug|Any CPU
		{D5B2BD11-EB16-4145-B524-8B8084386EBA}.Release|Any CPU.ActiveCfg = Release|Any CPU
		{D5B2BD11-EB16-4145-B524-8B8084386EBA}.Release|Any CPU.Build.0 = Release|Any CPU
		{8CE9B8BE-E801-4450-9A54-0D5E97003D26}.Debug|Any CPU.ActiveCfg = Debug|Any CPU
		{8CE9B8BE-E801-4450-9A54-0D5E97003D26}.Debug|Any CPU.Build.0 = Debug|Any CPU
		{8CE9B8BE-E801-4450-9A54-0D5E97003D26}.Release|Any CPU.ActiveCfg = Release|Any CPU
		{8CE9B8BE-E801-4450-9A54-0D5E97003D26}.Release|Any CPU.Build.0 = Release|Any CPU
		{8028CA68-46E4-4EE2-8289-0B62ABDEC81F}.Debug|Any CPU.ActiveCfg = Debug|Any CPU
		{8028CA68-46E4-4EE2-8289-0B62ABDEC81F}.Debug|Any CPU.Build.0 = Debug|Any CPU
		{8028CA68-46E4-4EE2-8289-0B62ABDEC81F}.Release|Any CPU.ActiveCfg = Release|Any CPU
		{8028CA68-46E4-4EE2-8289-0B62ABDEC81F}.Release|Any CPU.Build.0 = Release|Any CPU
		{0858665C-D4AD-483F-8307-E57B1FB26A4F}.Debug|Any CPU.ActiveCfg = Debug|Any CPU
		{0858665C-D4AD-483F-8307-E57B1FB26A4F}.Debug|Any CPU.Build.0 = Debug|Any CPU
		{0858665C-D4AD-483F-8307-E57B1FB26A4F}.Release|Any CPU.ActiveCfg = Release|Any CPU
		{0858665C-D4AD-483F-8307-E57B1FB26A4F}.Release|Any CPU.Build.0 = Release|Any CPU
		{F5DC94E4-FD2F-48E2-A5DA-CACE935267CD}.Debug|Any CPU.ActiveCfg = Debug|Any CPU
		{F5DC94E4-FD2F-48E2-A5DA-CACE935267CD}.Debug|Any CPU.Build.0 = Debug|Any CPU
		{F5DC94E4-FD2F-48E2-A5DA-CACE935267CD}.Release|Any CPU.ActiveCfg = Release|Any CPU
		{F5DC94E4-FD2F-48E2-A5DA-CACE935267CD}.Release|Any CPU.Build.0 = Release|Any CPU
		{2D30346A-37A7-4D11-A2FE-FDE6A851664C}.Debug|Any CPU.ActiveCfg = Debug|Any CPU
		{2D30346A-37A7-4D11-A2FE-FDE6A851664C}.Debug|Any CPU.Build.0 = Debug|Any CPU
		{2D30346A-37A7-4D11-A2FE-FDE6A851664C}.Release|Any CPU.ActiveCfg = Release|Any CPU
		{2D30346A-37A7-4D11-A2FE-FDE6A851664C}.Release|Any CPU.Build.0 = Release|Any CPU
	EndGlobalSection
	GlobalSection(SolutionProperties) = preSolution
		HideSolutionNode = FALSE
	EndGlobalSection
	GlobalSection(ExtensibilityGlobals) = postSolution
		SolutionGuid = {85B5DB1F-6227-488B-85A9-C8565E2406E7}
	EndGlobalSection
EndGlobal
